
Microsoft Visual Studio Solution File, Format Version 12.00
# Visual Studio Version 17
VisualStudioVersion = 17.1.32210.238
MinimumVisualStudioVersion = 10.0.40219.1
Project("{9A19103F-16F7-4668-BE54-9A1E7A4F7556}") = "PlatformService", "PlatformService.csproj", "{91CF2C04-5D63-40A7-9E94-6D38D1E4FCEC}"
EndProject
Global
	GlobalSection(SolutionConfigurationPlatforms) = preSolution
		Debug|Any CPU = Debug|Any CPU
		Release|Any CPU = Release|Any CPU
	EndGlobalSection
	GlobalSection(ProjectConfigurationPlatforms) = postSolution
		{91CF2C04-5D63-40A7-9E94-6D38D1E4FCEC}.Debug|Any CPU.ActiveCfg = Debug|Any CPU
		{91CF2C04-5D63-40A7-9E94-6D38D1E4FCEC}.Debug|Any CPU.Build.0 = Debug|Any CPU
		{91CF2C04-5D63-40A7-9E94-6D38D1E4FCEC}.Release|Any CPU.ActiveCfg = Release|Any CPU
		{91CF2C04-5D63-40A7-9E94-6D38D1E4FCEC}.Release|Any CPU.Build.0 = Release|Any CPU
	EndGlobalSection
	GlobalSection(SolutionProperties) = preSolution
		HideSolutionNode = FALSE
	EndGlobalSection
	GlobalSection(ExtensibilityGlobals) = postSolution
		SolutionGuid = {96D322EA-9793-4CB1-80DC-924499B8FA47}
	EndGlobalSection
EndGlobal
